// !$*UTF8*$!
{
	archiveVersion = 1;
	classes = {
	};
	objectVersion = 46;
	objects = {

/* Begin PBXBuildFile section */
		6370239A1A91849E00496A2A /* main.m in Sources */ = {isa = PBXBuildFile; fileRef = 637023991A91849E00496A2A /* main.m */; };
		6370239D1A91849E00496A2A /* AppDelegate.m in Sources */ = {isa = PBXBuildFile; fileRef = 6370239C1A91849E00496A2A /* AppDelegate.m */; };
		637023A01A91849E00496A2A /* TestCoreData.xcdatamodeld in Sources */ = {isa = PBXBuildFile; fileRef = 6370239E1A91849E00496A2A /* TestCoreData.xcdatamodeld */; };
		637023A31A91849F00496A2A /* ViewController.m in Sources */ = {isa = PBXBuildFile; fileRef = 637023A21A91849F00496A2A /* ViewController.m */; };
		637023A61A91849F00496A2A /* Main.storyboard in Resources */ = {isa = PBXBuildFile; fileRef = 637023A41A91849F00496A2A /* Main.storyboard */; };
		637023A81A91849F00496A2A /* Images.xcassets in Resources */ = {isa = PBXBuildFile; fileRef = 637023A71A91849F00496A2A /* Images.xcassets */; };
		637023AB1A91849F00496A2A /* LaunchScreen.xib in Resources */ = {isa = PBXBuildFile; fileRef = 637023A91A91849F00496A2A /* LaunchScreen.xib */; };
		637023B71A91849F00496A2A /* TestCoreDataTests.m in Sources */ = {isa = PBXBuildFile; fileRef = 637023B61A91849F00496A2A /* TestCoreDataTests.m */; };
		637023C31A918AA000496A2A /* able.txt in Resources */ = {isa = PBXBuildFile; fileRef = 637023C21A918AA000496A2A /* able.txt */; };
/* End PBXBuildFile section */

/* Begin PBXContainerItemProxy section */
		637023B11A91849F00496A2A /* PBXContainerItemProxy */ = {
			isa = PBXContainerItemProxy;
			containerPortal = 6370238C1A91849E00496A2A /* Project object */;
			proxyType = 1;
			remoteGlobalIDString = 637023931A91849E00496A2A;
			remoteInfo = TestCoreData;
		};
/* End PBXContainerItemProxy section */

/* Begin PBXFileReference section */
		637023941A91849E00496A2A /* TestCoreData.app */ = {isa = PBXFileReference; explicitFileType = wrapper.application; includeInIndex = 0; path = TestCoreData.app; sourceTree = BUILT_PRODUCTS_DIR; };
		637023981A91849E00496A2A /* Info.plist */ = {isa = PBXFileReference; lastKnownFileType = text.plist.xml; path = Info.plist; sourceTree = "<group>"; };
		637023991A91849E00496A2A /* main.m */ = {isa = PBXFileReference; lastKnownFileType = sourcecode.c.objc; path = main.m; sourceTree = "<group>"; };
		6370239B1A91849E00496A2A /* AppDelegate.h */ = {isa = PBXFileReference; lastKnownFileType = sourcecode.c.h; path = AppDelegate.h; sourceTree = "<group>"; };
		6370239C1A91849E00496A2A /* AppDelegate.m */ = {isa = PBXFileReference; lastKnownFileType = sourcecode.c.objc; path = AppDelegate.m; sourceTree = "<group>"; };
		6370239F1A91849E00496A2A /* TestCoreData.xcdatamodel */ = {isa = PBXFileReference; lastKnownFileType = wrapper.xcdatamodel; path = TestCoreData.xcdatamodel; sourceTree = "<group>"; };
		637023A11A91849F00496A2A /* ViewController.h */ = {isa = PBXFileReference; lastKnownFileType = sourcecode.c.h; path = ViewController.h; sourceTree = "<group>"; };
		637023A21A91849F00496A2A /* ViewController.m */ = {isa = PBXFileReference; lastKnownFileType = sourcecode.c.objc; path = ViewController.m; sourceTree = "<group>"; };
		637023A51A91849F00496A2A /* Base */ = {isa = PBXFileReference; lastKnownFileType = file.storyboard; name = Base; path = Base.lproj/Main.storyboard; sourceTree = "<group>"; };
		637023A71A91849F00496A2A /* Images.xcassets */ = {isa = PBXFileReference; lastKnownFileType = folder.assetcatalog; path = Images.xcassets; sourceTree = "<group>"; };
		637023AA1A91849F00496A2A /* Base */ = {isa = PBXFileReference; lastKnownFileType = file.xib; name = Base; path = Base.lproj/LaunchScreen.xib; sourceTree = "<group>"; };
		637023B01A91849F00496A2A /* TestCoreDataTests.xctest */ = {isa = PBXFileReference; explicitFileType = wrapper.cfbundle; includeInIndex = 0; path = TestCoreDataTests.xctest; sourceTree = BUILT_PRODUCTS_DIR; };
		637023B51A91849F00496A2A /* Info.plist */ = {isa = PBXFileReference; lastKnownFileType = text.plist.xml; path = Info.plist; sourceTree = "<group>"; };
		637023B61A91849F00496A2A /* TestCoreDataTests.m */ = {isa = PBXFileReference; lastKnownFileType = sourcecode.c.objc; path = TestCoreDataTests.m; sourceTree = "<group>"; };
		637023C21A918AA000496A2A /* able.txt */ = {isa = PBXFileReference; fileEncoding = 4; lastKnownFileType = text; path = able.txt; sourceTree = "<group>"; };
/* End PBXFileReference section */

/* Begin PBXFrameworksBuildPhase section */
		637023911A91849E00496A2A /* Frameworks */ = {
			isa = PBXFrameworksBuildPhase;
			buildActionMask = 2147483647;
			files = (
			);
			runOnlyForDeploymentPostprocessing = 0;
		};
		637023AD1A91849F00496A2A /* Frameworks */ = {
			isa = PBXFrameworksBuildPhase;
			buildActionMask = 2147483647;
			files = (
			);
			runOnlyForDeploymentPostprocessing = 0;
		};
/* End PBXFrameworksBuildPhase section */

/* Begin PBXGroup section */
		6370238B1A91849E00496A2A = {
			isa = PBXGroup;
			children = (
				637023961A91849E00496A2A /* TestCoreData */,
				637023B31A91849F00496A2A /* TestCoreDataTests */,
				637023951A91849E00496A2A /* Products */,
			);
			sourceTree = "<group>";
		};
		637023951A91849E00496A2A /* Products */ = {
			isa = PBXGroup;
			children = (
				637023941A91849E00496A2A /* TestCoreData.app */,
				637023B01A91849F00496A2A /* TestCoreDataTests.xctest */,
			);
			name = Products;
			sourceTree = "<group>";
		};
		637023961A91849E00496A2A /* TestCoreData */ = {
			isa = PBXGroup;
			children = (
				6370239B1A91849E00496A2A /* AppDelegate.h */,
				6370239C1A91849E00496A2A /* AppDelegate.m */,
				637023A11A91849F00496A2A /* ViewController.h */,
				637023A21A91849F00496A2A /* ViewController.m */,
				637023A41A91849F00496A2A /* Main.storyboard */,
				637023A71A91849F00496A2A /* Images.xcassets */,
				637023A91A91849F00496A2A /* LaunchScreen.xib */,
				6370239E1A91849E00496A2A /* TestCoreData.xcdatamodeld */,
				637023971A91849E00496A2A /* Supporting Files */,
			);
			path = TestCoreData;
			sourceTree = "<group>";
		};
		637023971A91849E00496A2A /* Supporting Files */ = {
			isa = PBXGroup;
			children = (
				637023C21A918AA000496A2A /* able.txt */,
				637023981A91849E00496A2A /* Info.plist */,
				637023991A91849E00496A2A /* main.m */,
			);
			name = "Supporting Files";
			sourceTree = "<group>";
		};
		637023B31A91849F00496A2A /* TestCoreDataTests */ = {
			isa = PBXGroup;
			children = (
				637023B61A91849F00496A2A /* TestCoreDataTests.m */,
				637023B41A91849F00496A2A /* Supporting Files */,
			);
			path = TestCoreDataTests;
			sourceTree = "<group>";
		};
		637023B41A91849F00496A2A /* Supporting Files */ = {
			isa = PBXGroup;
			children = (
				637023B51A91849F00496A2A /* Info.plist */,
			);
			name = "Supporting Files";
			sourceTree = "<group>";
		};
/* End PBXGroup section */

/* Begin PBXNativeTarget section */
		637023931A91849E00496A2A /* TestCoreData */ = {
			isa = PBXNativeTarget;
			buildConfigurationList = 637023BA1A91849F00496A2A /* Build configuration list for PBXNativeTarget "TestCoreData" */;
			buildPhases = (
				637023901A91849E00496A2A /* Sources */,
				637023911A91849E00496A2A /* Frameworks */,
				637023921A91849E00496A2A /* Resources */,
			);
			buildRules = (
			);
			dependencies = (
			);
			name = TestCoreData;
			productName = TestCoreData;
			productReference = 637023941A91849E00496A2A /* TestCoreData.app */;
			productType = "com.apple.product-type.application";
		};
		637023AF1A91849F00496A2A /* TestCoreDataTests */ = {
			isa = PBXNativeTarget;
			buildConfigurationList = 637023BD1A91849F00496A2A /* Build configuration list for PBXNativeTarget "TestCoreDataTests" */;
			buildPhases = (
				637023AC1A91849F00496A2A /* Sources */,
				637023AD1A91849F00496A2A /* Frameworks */,
				637023AE1A91849F00496A2A /* Resources */,
			);
			buildRules = (
			);
			dependencies = (
				637023B21A91849F00496A2A /* PBXTargetDependency */,
			);
			name = TestCoreDataTests;
			productName = TestCoreDataTests;
			productReference = 637023B01A91849F00496A2A /* TestCoreDataTests.xctest */;
			productType = "com.apple.product-type.bundle.unit-test";
		};
/* End PBXNativeTarget section */

/* Begin PBXProject section */
		6370238C1A91849E00496A2A /* Project object */ = {
			isa = PBXProject;
			attributes = {
				LastUpgradeCheck = 0610;
				ORGANIZATIONNAME = sangchan;
				TargetAttributes = {
					637023931A91849E00496A2A = {
						CreatedOnToolsVersion = 6.1.1;
					};
					637023AF1A91849F00496A2A = {
						CreatedOnToolsVersion = 6.1.1;
						TestTargetID = 637023931A91849E00496A2A;
					};
				};
			};
			buildConfigurationList = 6370238F1A91849E00496A2A /* Build configuration list for PBXProject "TestCoreData" */;
			compatibilityVersion = "Xcode 3.2";
			developmentRegion = English;
			hasScannedForEncodings = 0;
			knownRegions = (
				en,
				Base,
			);
			mainGroup = 6370238B1A91849E00496A2A;
			productRefGroup = 637023951A91849E00496A2A /* Products */;
			projectDirPath = "";
			projectRoot = "";
			targets = (
				637023931A91849E00496A2A /* TestCoreData */,
				637023AF1A91849F00496A2A /* TestCoreDataTests */,
			);
		};
/* End PBXProject section */

/* Begin PBXResourcesBuildPhase section */
		637023921A91849E00496A2A /* Resources */ = {
			isa = PBXResourcesBuildPhase;
			buildActionMask = 2147483647;
			files = (
				637023A61A91849F00496A2A /* Main.storyboard in Resources */,
				637023AB1A91849F00496A2A /* LaunchScreen.xib in Resources */,
				637023C31A918AA000496A2A /* able.txt in Resources */,
				637023A81A91849F00496A2A /* Images.xcassets in Resources */,
			);
			runOnlyForDeploymentPostprocessing = 0;
		};
		637023AE1A91849F00496A2A /* Resources */ = {
			isa = PBXResourcesBuildPhase;
			buildActionMask = 2147483647;
			files = (
			);
			runOnlyForDeploymentPostprocessing = 0;
		};
/* End PBXResourcesBuildPhase section */

/* Begin PBXSourcesBuildPhase section */
		637023901A91849E00496A2A /* Sources */ = {
			isa = PBXSourcesBuildPhase;
			buildActionMask = 2147483647;
			files = (
				6370239D1A91849E00496A2A /* AppDelegate.m in Sources */,
				637023A01A91849E00496A2A /* TestCoreData.xcdatamodeld in Sources */,
				637023A31A91849F00496A2A /* ViewController.m in Sources */,
				6370239A1A91849E00496A2A /* main.m in Sources */,
			);
			runOnlyForDeploymentPostprocessing = 0;
		};
		637023AC1A91849F00496A2A /* Sources */ = {
			isa = PBXSourcesBuildPhase;
			buildActionMask = 2147483647;
			files = (
				637023B71A91849F00496A2A /* TestCoreDataTests.m in Sources */,
			);
			runOnlyForDeploymentPostprocessing = 0;
		};
/* End PBXSourcesBuildPhase section */

/* Begin PBXTargetDependency section */
		637023B21A91849F00496A2A /* PBXTargetDependency */ = {
			isa = PBXTargetDependency;
			target = 637023931A91849E00496A2A /* TestCoreData */;
			targetProxy = 637023B11A91849F00496A2A /* PBXContainerItemProxy */;
		};
/* End PBXTargetDependency section */

/* Begin PBXVariantGroup section */
		637023A41A91849F00496A2A /* Main.storyboard */ = {
			isa = PBXVariantGroup;
			children = (
				637023A51A91849F00496A2A /* Base */,
			);
			name = Main.storyboard;
			sourceTree = "<group>";
		};
		637023A91A91849F00496A2A /* LaunchScreen.xib */ = {
			isa = PBXVariantGroup;
			children = (
				637023AA1A91849F00496A2A /* Base */,
			);
			name = LaunchScreen.xib;
			sourceTree = "<group>";
		};
/* End PBXVariantGroup section */

/* Begin XCBuildConfiguration section */
		637023B81A91849F00496A2A /* Debug */ = {
			isa = XCBuildConfiguration;
			buildSettings = {
				ALWAYS_SEARCH_USER_PATHS = NO;
				CLANG_CXX_LANGUAGE_STANDARD = "gnu++0x";
				CLANG_CXX_LIBRARY = "libc++";
				CLANG_ENABLE_MODULES = YES;
				CLANG_ENABLE_OBJC_ARC = YES;
				CLANG_WARN_BOOL_CONVERSION = YES;
				CLANG_WARN_CONSTANT_CONVERSION = YES;
				CLANG_WARN_DIRECT_OBJC_ISA_USAGE = YES_ERROR;
				CLANG_WARN_EMPTY_BODY = YES;
				CLANG_WARN_ENUM_CONVERSION = YES;
				CLANG_WARN_INT_CONVERSION = YES;
				CLANG_WARN_OBJC_ROOT_CLASS = YES_ERROR;
				CLANG_WARN_UNREACHABLE_CODE = YES;
				CLANG_WARN__DUPLICATE_METHOD_MATCH = YES;
				"CODE_SIGN_IDENTITY[sdk=iphoneos*]" = "iPhone Developer";
				COPY_PHASE_STRIP = NO;
				ENABLE_STRICT_OBJC_MSGSEND = YES;
				GCC_C_LANGUAGE_STANDARD = gnu99;
				GCC_DYNAMIC_NO_PIC = NO;
				GCC_OPTIMIZATION_LEVEL = 0;
				GCC_PREPROCESSOR_DEFINITIONS = (
					"DEBUG=1",
					"$(inherited)",
				);
				GCC_SYMBOLS_PRIVATE_EXTERN = NO;
				GCC_WARN_64_TO_32_BIT_CONVERSION = YES;
				GCC_WARN_ABOUT_RETURN_TYPE = YES_ERROR;
				GCC_WARN_UNDECLARED_SELECTOR = YES;
				GCC_WARN_UNINITIALIZED_AUTOS = YES_AGGRESSIVE;
				GCC_WARN_UNUSED_FUNCTION = YES;
				GCC_WARN_UNUSED_VARIABLE = YES;
				IPHONEOS_DEPLOYMENT_TARGET = 8.1;
				MTL_ENABLE_DEBUG_INFO = YES;
				ONLY_ACTIVE_ARCH = YES;
				SDKROOT = iphoneos;
				TARGETED_DEVICE_FAMILY = "1,2";
			};
			name = Debug;
		};
		637023B91A91849F00496A2A /* Release */ = {
			isa = XCBuildConfiguration;
			buildSettings = {
				ALWAYS_SEARCH_USER_PATHS = NO;
				CLANG_CXX_LANGUAGE_STANDARD = "gnu++0x";
				CLANG_CXX_LIBRARY = "libc++";
				CLANG_ENABLE_MODULES = YES;
				CLANG_ENABLE_OBJC_ARC = YES;
				CLANG_WARN_BOOL_CONVERSION = YES;
				CLANG_WARN_CONSTANT_CONVERSION = YES;
				CLANG_WARN_DIRECT_OBJC_ISA_USAGE = YES_ERROR;
				CLANG_WARN_EMPTY_BODY = YES;
				CLANG_WARN_ENUM_CONVERSION = YES;
				CLANG_WARN_INT_CONVERSION = YES;
				CLANG_WARN_OBJC_ROOT_CLASS = YES_ERROR;
				CLANG_WARN_UNREACHABLE_CODE = YES;
				CLANG_WARN__DUPLICATE_METHOD_MATCH = YES;
				"CODE_SIGN_IDENTITY[sdk=iphoneos*]" = "iPhone Developer";
				COPY_PHASE_STRIP = YES;
				ENABLE_NS_ASSERTIONS = NO;
				ENABLE_STRICT_OBJC_MSGSEND = YES;
				GCC_C_LANGUAGE_STANDARD = gnu99;
				GCC_WARN_64_TO_32_BIT_CONVERSION = YES;
				GCC_WARN_ABOUT_RETURN_TYPE = YES_ERROR;
				GCC_WARN_UNDECLARED_SELECTOR = YES;
				GCC_WARN_UNINITIALIZED_AUTOS = YES_AGGRESSIVE;
				GCC_WARN_UNUSED_FUNCTION = YES;
				GCC_WARN_UNUSED_VARIABLE = YES;
				IPHONEOS_DEPLOYMENT_TARGET = 8.1;
				MTL_ENABLE_DEBUG_INFO = NO;
				SDKROOT = iphoneos;
				TARGETED_DEVICE_FAMILY = "1,2";
				VALIDATE_PRODUCT = YES;
			};
			name = Release;
		};
		637023BB1A91849F00496A2A /* Debug */ = {
			isa = XCBuildConfiguration;
			buildSettings = {
				ASSETCATALOG_COMPILER_APPICON_NAME = AppIcon;
				INFOPLIST_FILE = TestCoreData/Info.plist;
				LD_RUNPATH_SEARCH_PATHS = "$(inherited) @executable_path/Frameworks";
				PRODUCT_NAME = "$(TARGET_NAME)";
			};
			name = Debug;
		};
		637023BC1A91849F00496A2A /* Release */ = {
			isa = XCBuildConfiguration;
			buildSettings = {
				ASSETCATALOG_COMPILER_APPICON_NAME = AppIcon;
				INFOPLIST_FILE = TestCoreData/Info.plist;
				LD_RUNPATH_SEARCH_PATHS = "$(inherited) @executable_path/Frameworks";
				PRODUCT_NAME = "$(TARGET_NAME)";
			};
			name = Release;
		};
		637023BE1A91849F00496A2A /* Debug */ = {
			isa = XCBuildConfiguration;
			buildSettings = {
				BUNDLE_LOADER = "$(TEST_HOST)";
				FRAMEWORK_SEARCH_PATHS = (
					"$(SDKROOT)/Developer/Library/Frameworks",
					"$(inherited)",
				);
				GCC_PREPROCESSOR_DEFINITIONS = (
					"DEBUG=1",
					"$(inherited)",
				);
				INFOPLIST_FILE = TestCoreDataTests/Info.plist;
				LD_RUNPATH_SEARCH_PATHS = "$(inherited) @executable_path/Frameworks @loader_path/Frameworks";
				PRODUCT_NAME = "$(TARGET_NAME)";
				TEST_HOST = "$(BUILT_PRODUCTS_DIR)/TestCoreData.app/TestCoreData";
			};
			name = Debug;
		};
		637023BF1A91849F00496A2A /* Release */ = {
			isa = XCBuildConfiguration;
			buildSettings = {
				BUNDLE_LOADER = "$(TEST_HOST)";
				FRAMEWORK_SEARCH_PATHS = (
					"$(SDKROOT)/Developer/Library/Frameworks",
					"$(inherited)",
				);
				INFOPLIST_FILE = TestCoreDataTests/Info.plist;
				LD_RUNPATH_SEARCH_PATHS = "$(inherited) @executable_path/Frameworks @loader_path/Frameworks";
				PRODUCT_NAME = "$(TARGET_NAME)";
				TEST_HOST = "$(BUILT_PRODUCTS_DIR)/TestCoreData.app/TestCoreData";
			};
			name = Release;
		};
/* End XCBuildConfiguration section */

/* Begin XCConfigurationList section */
		6370238F1A91849E00496A2A /* Build configuration list for PBXProject "TestCoreData" */ = {
			isa = XCConfigurationList;
			buildConfigurations = (
				637023B81A91849F00496A2A /* Debug */,
				637023B91A91849F00496A2A /* Release */,
			);
			defaultConfigurationIsVisible = 0;
			defaultConfigurationName = Release;
		};
		637023BA1A91849F00496A2A /* Build configuration list for PBXNativeTarget "TestCoreData" */ = {
			isa = XCConfigurationList;
			buildConfigurations = (
				637023BB1A91849F00496A2A /* Debug */,
				637023BC1A91849F00496A2A /* Release */,
			);
			defaultConfigurationIsVisible = 0;
		};
		637023BD1A91849F00496A2A /* Build configuration list for PBXNativeTarget "TestCoreDataTests" */ = {
			isa = XCConfigurationList;
			buildConfigurations = (
				637023BE1A91849F00496A2A /* Debug */,
				637023BF1A91849F00496A2A /* Release */,
			);
			defaultConfigurationIsVisible = 0;
		};
/* End XCConfigurationList section */

/* Begin XCVersionGroup section */
		6370239E1A91849E00496A2A /* TestCoreData.xcdatamodeld */ = {
			isa = XCVersionGroup;
			children = (
				6370239F1A91849E00496A2A /* TestCoreData.xcdatamodel */,
			);
			currentVersion = 6370239F1A91849E00496A2A /* TestCoreData.xcdatamodel */;
			path = TestCoreData.xcdatamodeld;
			sourceTree = "<group>";
			versionGroupType = wrapper.xcdatamodel;
		};
/* End XCVersionGroup section */
	};
	rootObject = 6370238C1A91849E00496A2A /* Project object */;
}
